
Microsoft Visual Studio Solution File, Format Version 12.00
Project("{FAE04EC0-301F-11D3-BF4B-00C04F79EFBC}") = "AsyncImageFilter", "AsyncImageFilter\AsyncImageFilter.csproj", "{14445CA6-72FA-4519-9E9B-598495F817BC}"
EndProject
Global
	GlobalSection(SolutionConfigurationPlatforms) = preSolution
		Debug|Any CPU = Debug|Any CPU
		Release|Any CPU = Release|Any CPU
	EndGlobalSection
	GlobalSection(ProjectConfigurationPlatforms) = postSolution
		{14445CA6-72FA-4519-9E9B-598495F817BC}.Debug|Any CPU.ActiveCfg = Debug|Any CPU
		{14445CA6-72FA-4519-9E9B-598495F817BC}.Debug|Any CPU.Build.0 = Debug|Any CPU
		{14445CA6-72FA-4519-9E9B-598495F817BC}.Release|Any CPU.ActiveCfg = Release|Any CPU
		{14445CA6-72FA-4519-9E9B-598495F817BC}.Release|Any CPU.Build.0 = Release|Any CPU
	EndGlobalSection
EndGlobal
